
Microsoft Visual Studio Solution File, Format Version 12.00
# Visual Studio Version 17
VisualStudioVersion = 17.13.35931.197
MinimumVisualStudioVersion = 10.0.40219.1
Project("{FAE04EC0-301F-11D3-BF4B-00C04F79EFBC}") = "Projekt", "Projekt\Projekt.csproj", "{60CB625E-8B83-4310-B3EC-BC0222997620}"
EndProject
Global
	GlobalSection(SolutionConfigurationPlatforms) = preSolution
		Debug|Any CPU = Debug|Any CPU
		Release|Any CPU = Release|Any CPU
	EndGlobalSection
	GlobalSection(ProjectConfigurationPlatforms) = postSolution
		{60CB625E-8B83-4310-B3EC-BC0222997620}.Debug|Any CPU.ActiveCfg = Debug|Any CPU
		{60CB625E-8B83-4310-B3EC-BC0222997620}.Debug|Any CPU.Build.0 = Debug|Any CPU
		{60CB625E-8B83-4310-B3EC-BC0222997620}.Debug|Any CPU.Deploy.0 = Debug|Any CPU
		{60CB625E-8B83-4310-B3EC-BC0222997620}.Release|Any CPU.ActiveCfg = Release|Any CPU
		{60CB625E-8B83-4310-B3EC-BC0222997620}.Release|Any CPU.Build.0 = Release|Any CPU
	EndGlobalSection
	GlobalSection(SolutionProperties) = preSolution
		HideSolutionNode = FALSE
	EndGlobalSection
	GlobalSection(ExtensibilityGlobals) = postSolution
		SolutionGuid = {44D61D0F-16C0-41EB-AB71-1D2395A48E1E}
	EndGlobalSection
EndGlobal
